
Microsoft Visual Studio Solution File, Format Version 12.00
# Visual Studio Version 17
VisualStudioVersion = 17.12.35527.113
MinimumVisualStudioVersion = 10.0.40219.1
Project("{2150E333-8FDC-42A3-9474-1A3956D46DE8}") = "Core", "Core", "{75DB59BE-BBA0-4FBF-9863-AA3467E9903F}"
EndProject
Project("{2150E333-8FDC-42A3-9474-1A3956D46DE8}") = "Frontend", "Frontend", "{D5699833-260C-425B-83CF-1D1715CA7454}"
EndProject
Project("{2150E333-8FDC-42A3-9474-1A3956D46DE8}") = "Infrastructure", "Infrastructure", "{F9B1E396-6124-4D0C-BB6C-0716E219B08A}"
EndProject
Project("{2150E333-8FDC-42A3-9474-1A3956D46DE8}") = "Presentation", "Presentation", "{25F54161-613A-48AA-93CB-04D98B378A6A}"
EndProject
Project("{FAE04EC0-301F-11D3-BF4B-00C04F79EFBC}") = "MovieReview.Domain", "Core\MovieReview.Domain\MovieReview.Domain.csproj", "{1A1C5C7C-D334-4334-83E1-D007C1674356}"
EndProject
Project("{FAE04EC0-301F-11D3-BF4B-00C04F79EFBC}") = "MovieReview.Persistence", "Infrastructure\MovieReview.Persistence\MovieReview.Persistence.csproj", "{62027B1D-B16E-4699-8FFB-9E054807F66B}"
EndProject
Project("{FAE04EC0-301F-11D3-BF4B-00C04F79EFBC}") = "MovieReview.WebApi", "Presentation\MovieReview.WebApi\MovieReview.WebApi.csproj", "{23DC182A-BF5D-4C90-A234-251FEF4C8B8B}"
EndProject
Project("{FAE04EC0-301F-11D3-BF4B-00C04F79EFBC}") = "MovieReview.Application", "Core\MovieReview.Application\MovieReview.Application.csproj", "{4CC6FBE9-66EE-4F2D-9898-E3E7E1320F9C}"
EndProject
Project("{FAE04EC0-301F-11D3-BF4B-00C04F79EFBC}") = "MovieReview.Web", "Frontend\MovieReview.Web\MovieReview.Web.csproj", "{B0A66CB2-72FE-41CB-A3D9-B025CED3D077}"
EndProject
Project("{FAE04EC0-301F-11D3-BF4B-00C04F79EFBC}") = "MovieReview.Dto", "Frontend\MovieReview.Dto\MovieReview.Dto.csproj", "{C8553015-6118-44BD-B3FF-DB79435905A9}"
EndProject
Global
	GlobalSection(SolutionConfigurationPlatforms) = preSolution
		Debug|Any CPU = Debug|Any CPU
		Release|Any CPU = Release|Any CPU
	EndGlobalSection
	GlobalSection(ProjectConfigurationPlatforms) = postSolution
		{1A1C5C7C-D334-4334-83E1-D007C1674356}.Debug|Any CPU.ActiveCfg = Debug|Any CPU
		{1A1C5C7C-D334-4334-83E1-D007C1674356}.Debug|Any CPU.Build.0 = Debug|Any CPU
		{1A1C5C7C-D334-4334-83E1-D007C1674356}.Release|Any CPU.ActiveCfg = Release|Any CPU
		{1A1C5C7C-D334-4334-83E1-D007C1674356}.Release|Any CPU.Build.0 = Release|Any CPU
		{62027B1D-B16E-4699-8FFB-9E054807F66B}.Debug|Any CPU.ActiveCfg = Debug|Any CPU
		{62027B1D-B16E-4699-8FFB-9E054807F66B}.Debug|Any CPU.Build.0 = Debug|Any CPU
		{62027B1D-B16E-4699-8FFB-9E054807F66B}.Release|Any CPU.ActiveCfg = Release|Any CPU
		{62027B1D-B16E-4699-8FFB-9E054807F66B}.Release|Any CPU.Build.0 = Release|Any CPU
		{23DC182A-BF5D-4C90-A234-251FEF4C8B8B}.Debug|Any CPU.ActiveCfg = Debug|Any CPU
		{23DC182A-BF5D-4C90-A234-251FEF4C8B8B}.Debug|Any CPU.Build.0 = Debug|Any CPU
		{23DC182A-BF5D-4C90-A234-251FEF4C8B8B}.Release|Any CPU.ActiveCfg = Release|Any CPU
		{23DC182A-BF5D-4C90-A234-251FEF4C8B8B}.Release|Any CPU.Build.0 = Release|Any CPU
		{4CC6FBE9-66EE-4F2D-9898-E3E7E1320F9C}.Debug|Any CPU.ActiveCfg = Debug|Any CPU
		{4CC6FBE9-66EE-4F2D-9898-E3E7E1320F9C}.Debug|Any CPU.Build.0 = Debug|Any CPU
		{4CC6FBE9-66EE-4F2D-9898-E3E7E1320F9C}.Release|Any CPU.ActiveCfg = Release|Any CPU
		{4CC6FBE9-66EE-4F2D-9898-E3E7E1320F9C}.Release|Any CPU.Build.0 = Release|Any CPU
		{B0A66CB2-72FE-41CB-A3D9-B025CED3D077}.Debug|Any CPU.ActiveCfg = Debug|Any CPU
		{B0A66CB2-72FE-41CB-A3D9-B025CED3D077}.Debug|Any CPU.Build.0 = Debug|Any CPU
		{B0A66CB2-72FE-41CB-A3D9-B025CED3D077}.Release|Any CPU.ActiveCfg = Release|Any CPU
		{B0A66CB2-72FE-41CB-A3D9-B025CED3D077}.Release|Any CPU.Build.0 = Release|Any CPU
		{C8553015-6118-44BD-B3FF-DB79435905A9}.Debug|Any CPU.ActiveCfg = Debug|Any CPU
		{C8553015-6118-44BD-B3FF-DB79435905A9}.Debug|Any CPU.Build.0 = Debug|Any CPU
		{C8553015-6118-44BD-B3FF-DB79435905A9}.Release|Any CPU.ActiveCfg = Release|Any CPU
		{C8553015-6118-44BD-B3FF-DB79435905A9}.Release|Any CPU.Build.0 = Release|Any CPU
	EndGlobalSection
	GlobalSection(SolutionProperties) = preSolution
		HideSolutionNode = FALSE
	EndGlobalSection
	GlobalSection(NestedProjects) = preSolution
		{1A1C5C7C-D334-4334-83E1-D007C1674356} = {75DB59BE-BBA0-4FBF-9863-AA3467E9903F}
		{62027B1D-B16E-4699-8FFB-9E054807F66B} = {F9B1E396-6124-4D0C-BB6C-0716E219B08A}
		{23DC182A-BF5D-4C90-A234-251FEF4C8B8B} = {25F54161-613A-48AA-93CB-04D98B378A6A}
		{4CC6FBE9-66EE-4F2D-9898-E3E7E1320F9C} = {75DB59BE-BBA0-4FBF-9863-AA3467E9903F}
		{B0A66CB2-72FE-41CB-A3D9-B025CED3D077} = {D5699833-260C-425B-83CF-1D1715CA7454}
		{C8553015-6118-44BD-B3FF-DB79435905A9} = {D5699833-260C-425B-83CF-1D1715CA7454}
	EndGlobalSection
	GlobalSection(ExtensibilityGlobals) = postSolution
		SolutionGuid = {562DC6E0-B1A3-47DA-A7B1-E8201C298B69}
	EndGlobalSection
EndGlobal
